
Microsoft Visual Studio Solution File, Format Version 12.00
# Visual Studio Version 16
VisualStudioVersion = 16.0.30717.126
MinimumVisualStudioVersion = 10.0.40219.1
Project("{FAE04EC0-301F-11D3-BF4B-00C04F79EFBC}") = "BookingClassLibrary", "BookingClassLibrary\BookingClassLibrary.csproj", "{D54F1C91-B28C-4449-BEB2-77DEAFC21F7F}"
EndProject
Project("{FAE04EC0-301F-11D3-BF4B-00C04F79EFBC}") = "VehicleConsoleApp", "VehicleConsoleApp\VehicleConsoleApp.csproj", "{0AD35366-0905-4BC2-8D4E-C88F48BA5EB6}"
EndProject
Global
	GlobalSection(SolutionConfigurationPlatforms) = preSolution
		Debug|Any CPU = Debug|Any CPU
		Release|Any CPU = Release|Any CPU
	EndGlobalSection
	GlobalSection(ProjectConfigurationPlatforms) = postSolution
		{D54F1C91-B28C-4449-BEB2-77DEAFC21F7F}.Debug|Any CPU.ActiveCfg = Debug|Any CPU
		{D54F1C91-B28C-4449-BEB2-77DEAFC21F7F}.Debug|Any CPU.Build.0 = Debug|Any CPU
		{D54F1C91-B28C-4449-BEB2-77DEAFC21F7F}.Release|Any CPU.ActiveCfg = Release|Any CPU
		{D54F1C91-B28C-4449-BEB2-77DEAFC21F7F}.Release|Any CPU.Build.0 = Release|Any CPU
		{0AD35366-0905-4BC2-8D4E-C88F48BA5EB6}.Debug|Any CPU.ActiveCfg = Debug|Any CPU
		{0AD35366-0905-4BC2-8D4E-C88F48BA5EB6}.Debug|Any CPU.Build.0 = Debug|Any CPU
		{0AD35366-0905-4BC2-8D4E-C88F48BA5EB6}.Release|Any CPU.ActiveCfg = Release|Any CPU
		{0AD35366-0905-4BC2-8D4E-C88F48BA5EB6}.Release|Any CPU.Build.0 = Release|Any CPU
	EndGlobalSection
	GlobalSection(SolutionProperties) = preSolution
		HideSolutionNode = FALSE
	EndGlobalSection
	GlobalSection(ExtensibilityGlobals) = postSolution
		SolutionGuid = {2D108307-84AA-46BA-B7D1-A1CEEA0ADF94}
	EndGlobalSection
EndGlobal
